
Microsoft Visual Studio Solution File, Format Version 12.00
# Visual Studio Version 16
VisualStudioVersion = 16.0.30717.126
MinimumVisualStudioVersion = 10.0.40219.1
Project("{9A19103F-16F7-4668-BE54-9A1E7A4F7556}") = "PartOne", "PartOne.csproj", "{730FC8D4-F1A7-4090-A30B-2381B2CC5BE6}"
EndProject
Project("{9A19103F-16F7-4668-BE54-9A1E7A4F7556}") = "PartTwo", "PartTwo\PartTwo.csproj", "{B59B9714-030E-4219-8E02-83524287CE30}"
EndProject
Global
	GlobalSection(SolutionConfigurationPlatforms) = preSolution
		Debug|Any CPU = Debug|Any CPU
		Release|Any CPU = Release|Any CPU
	EndGlobalSection
	GlobalSection(ProjectConfigurationPlatforms) = postSolution
		{730FC8D4-F1A7-4090-A30B-2381B2CC5BE6}.Debug|Any CPU.ActiveCfg = Debug|Any CPU
		{730FC8D4-F1A7-4090-A30B-2381B2CC5BE6}.Debug|Any CPU.Build.0 = Debug|Any CPU
		{730FC8D4-F1A7-4090-A30B-2381B2CC5BE6}.Release|Any CPU.ActiveCfg = Release|Any CPU
		{730FC8D4-F1A7-4090-A30B-2381B2CC5BE6}.Release|Any CPU.Build.0 = Release|Any CPU
		{B59B9714-030E-4219-8E02-83524287CE30}.Debug|Any CPU.ActiveCfg = Debug|Any CPU
		{B59B9714-030E-4219-8E02-83524287CE30}.Debug|Any CPU.Build.0 = Debug|Any CPU
		{B59B9714-030E-4219-8E02-83524287CE30}.Release|Any CPU.ActiveCfg = Release|Any CPU
		{B59B9714-030E-4219-8E02-83524287CE30}.Release|Any CPU.Build.0 = Release|Any CPU
	EndGlobalSection
	GlobalSection(SolutionProperties) = preSolution
		HideSolutionNode = FALSE
	EndGlobalSection
	GlobalSection(ExtensibilityGlobals) = postSolution
		SolutionGuid = {219948C2-0CC2-443C-B52D-F637C6E405D2}
	EndGlobalSection
EndGlobal
